
Microsoft Visual Studio Solution File, Format Version 12.00
# Visual Studio 2013
VisualStudioVersion = 12.0.21005.1
MinimumVisualStudioVersion = 10.0.40219.1
Project("{FAE04EC0-301F-11D3-BF4B-00C04F79EFBC}") = "BCD", "BCD\BCD.csproj", "{914B5424-AF3F-479B-A6FD-081956F22371}"
EndProject
Project("{FAE04EC0-301F-11D3-BF4B-00C04F79EFBC}") = "Downloads", "..\Downloads\Downloads.csproj", "{7E7D2D3E-34C8-4685-A8BB-C467E2931B4B}"
EndProject
Global
	GlobalSection(SolutionConfigurationPlatforms) = preSolution
		Debug|Any CPU = Debug|Any CPU
		Release|Any CPU = Release|Any CPU
	EndGlobalSection
	GlobalSection(ProjectConfigurationPlatforms) = postSolution
		{914B5424-AF3F-479B-A6FD-081956F22371}.Debug|Any CPU.ActiveCfg = Debug|Any CPU
		{914B5424-AF3F-479B-A6FD-081956F22371}.Debug|Any CPU.Build.0 = Debug|Any CPU
		{914B5424-AF3F-479B-A6FD-081956F22371}.Release|Any CPU.ActiveCfg = Release|Any CPU
		{914B5424-AF3F-479B-A6FD-081956F22371}.Release|Any CPU.Build.0 = Release|Any CPU
		{7E7D2D3E-34C8-4685-A8BB-C467E2931B4B}.Debug|Any CPU.ActiveCfg = Debug|Any CPU
		{7E7D2D3E-34C8-4685-A8BB-C467E2931B4B}.Debug|Any CPU.Build.0 = Debug|Any CPU
		{7E7D2D3E-34C8-4685-A8BB-C467E2931B4B}.Release|Any CPU.ActiveCfg = Release|Any CPU
		{7E7D2D3E-34C8-4685-A8BB-C467E2931B4B}.Release|Any CPU.Build.0 = Release|Any CPU
	EndGlobalSection
	GlobalSection(SolutionProperties) = preSolution
		HideSolutionNode = FALSE
	EndGlobalSection
EndGlobal
